
Microsoft Visual Studio Solution File, Format Version 12.00
# Visual Studio Version 16
VisualStudioVersion = 16.0.29102.190
MinimumVisualStudioVersion = 10.0.40219.1
Project("{FAE04EC0-301F-11D3-BF4B-00C04F79EFBC}") = "AppGenerator", "AppGenerator\AppGenerator.csproj", "{1526BBD1-8020-454D-9321-EC9843599B8D}"
EndProject
Global
	GlobalSection(SolutionConfigurationPlatforms) = preSolution
		Debug|Any CPU = Debug|Any CPU
		Release|Any CPU = Release|Any CPU
	EndGlobalSection
	GlobalSection(ProjectConfigurationPlatforms) = postSolution
		{1526BBD1-8020-454D-9321-EC9843599B8D}.Debug|Any CPU.ActiveCfg = Debug|Any CPU
		{1526BBD1-8020-454D-9321-EC9843599B8D}.Debug|Any CPU.Build.0 = Debug|Any CPU
		{1526BBD1-8020-454D-9321-EC9843599B8D}.Release|Any CPU.ActiveCfg = Release|Any CPU
		{1526BBD1-8020-454D-9321-EC9843599B8D}.Release|Any CPU.Build.0 = Release|Any CPU
	EndGlobalSection
	GlobalSection(SolutionProperties) = preSolution
		HideSolutionNode = FALSE
	EndGlobalSection
	GlobalSection(ExtensibilityGlobals) = postSolution
		SolutionGuid = {72153C2E-D955-4D8E-B3A5-7B98CD443B90}
	EndGlobalSection
EndGlobal
